
Microsoft Visual Studio Solution File, Format Version 12.00
# Visual Studio Version 16
VisualStudioVersion = 16.0.32106.194
MinimumVisualStudioVersion = 10.0.40219.1
Project("{9A19103F-16F7-4668-BE54-9A1E7A4F7556}") = "ALPHA-DGS", "ALPHA-DGS\ALPHA-DGS.csproj", "{B93A7695-6556-49FF-9985-84D73155169C}"
EndProject
Global
	GlobalSection(SolutionConfigurationPlatforms) = preSolution
		Debug|Any CPU = Debug|Any CPU
		Release|Any CPU = Release|Any CPU
	EndGlobalSection
	GlobalSection(ProjectConfigurationPlatforms) = postSolution
		{B93A7695-6556-49FF-9985-84D73155169C}.Debug|Any CPU.ActiveCfg = Debug|Any CPU
		{B93A7695-6556-49FF-9985-84D73155169C}.Debug|Any CPU.Build.0 = Debug|Any CPU
		{B93A7695-6556-49FF-9985-84D73155169C}.Release|Any CPU.ActiveCfg = Release|Any CPU
		{B93A7695-6556-49FF-9985-84D73155169C}.Release|Any CPU.Build.0 = Release|Any CPU
	EndGlobalSection
	GlobalSection(SolutionProperties) = preSolution
		HideSolutionNode = FALSE
	EndGlobalSection
	GlobalSection(ExtensibilityGlobals) = postSolution
		SolutionGuid = {0C88FB60-5AC9-41FF-92E7-3AD6DDC298E1}
	EndGlobalSection
EndGlobal
